
Microsoft Visual Studio Solution File, Format Version 12.00
# Visual Studio Version 16
VisualStudioVersion = 16.0.31624.102
MinimumVisualStudioVersion = 10.0.40219.1
Project("{FAE04EC0-301F-11D3-BF4B-00C04F79EFBC}") = "BooksDemo", "BooksDemo\BooksDemo.csproj", "{FFE05548-21C8-48B6-9F5A-60D6AFF2112A}"
EndProject
Global
	GlobalSection(SolutionConfigurationPlatforms) = preSolution
		Debug|Any CPU = Debug|Any CPU
		Release|Any CPU = Release|Any CPU
	EndGlobalSection
	GlobalSection(ProjectConfigurationPlatforms) = postSolution
		{FFE05548-21C8-48B6-9F5A-60D6AFF2112A}.Debug|Any CPU.ActiveCfg = Debug|Any CPU
		{FFE05548-21C8-48B6-9F5A-60D6AFF2112A}.Debug|Any CPU.Build.0 = Debug|Any CPU
		{FFE05548-21C8-48B6-9F5A-60D6AFF2112A}.Release|Any CPU.ActiveCfg = Release|Any CPU
		{FFE05548-21C8-48B6-9F5A-60D6AFF2112A}.Release|Any CPU.Build.0 = Release|Any CPU
	EndGlobalSection
	GlobalSection(SolutionProperties) = preSolution
		HideSolutionNode = FALSE
	EndGlobalSection
	GlobalSection(ExtensibilityGlobals) = postSolution
		SolutionGuid = {19DD362A-7319-4355-853F-6483F9F524D2}
	EndGlobalSection
EndGlobal
